
Microsoft Visual Studio Solution File, Format Version 12.00
# Visual Studio Version 17
VisualStudioVersion = 17.11.35303.130
MinimumVisualStudioVersion = 10.0.40219.1
Project("{9A19103F-16F7-4668-BE54-9A1E7A4F7556}") = "ExamenPeroBien", "ExamenPeroBien\ExamenPeroBien.csproj", "{D8F0D2A5-527D-4683-9F15-70F69C8B2373}"
EndProject
Project("{FAE04EC0-301F-11D3-BF4B-00C04F79EFBC}") = "ENT", "ENT\ENT.csproj", "{1CDFA608-D9E9-4831-B418-D2A5012F8B53}"
EndProject
Project("{FAE04EC0-301F-11D3-BF4B-00C04F79EFBC}") = "DAL", "DAL\DAL.csproj", "{097FD561-2B70-4042-8D1E-EA5A33EF9A02}"
EndProject
Project("{FAE04EC0-301F-11D3-BF4B-00C04F79EFBC}") = "BL", "BL\BL.csproj", "{D978CC3A-2107-4129-A4C3-E3D7FA196906}"
EndProject
Global
	GlobalSection(SolutionConfigurationPlatforms) = preSolution
		Debug|Any CPU = Debug|Any CPU
		Release|Any CPU = Release|Any CPU
	EndGlobalSection
	GlobalSection(ProjectConfigurationPlatforms) = postSolution
		{D8F0D2A5-527D-4683-9F15-70F69C8B2373}.Debug|Any CPU.ActiveCfg = Debug|Any CPU
		{D8F0D2A5-527D-4683-9F15-70F69C8B2373}.Debug|Any CPU.Build.0 = Debug|Any CPU
		{D8F0D2A5-527D-4683-9F15-70F69C8B2373}.Debug|Any CPU.Deploy.0 = Debug|Any CPU
		{D8F0D2A5-527D-4683-9F15-70F69C8B2373}.Release|Any CPU.ActiveCfg = Release|Any CPU
		{D8F0D2A5-527D-4683-9F15-70F69C8B2373}.Release|Any CPU.Build.0 = Release|Any CPU
		{D8F0D2A5-527D-4683-9F15-70F69C8B2373}.Release|Any CPU.Deploy.0 = Release|Any CPU
		{1CDFA608-D9E9-4831-B418-D2A5012F8B53}.Debug|Any CPU.ActiveCfg = Debug|Any CPU
		{1CDFA608-D9E9-4831-B418-D2A5012F8B53}.Debug|Any CPU.Build.0 = Debug|Any CPU
		{1CDFA608-D9E9-4831-B418-D2A5012F8B53}.Release|Any CPU.ActiveCfg = Release|Any CPU
		{1CDFA608-D9E9-4831-B418-D2A5012F8B53}.Release|Any CPU.Build.0 = Release|Any CPU
		{097FD561-2B70-4042-8D1E-EA5A33EF9A02}.Debug|Any CPU.ActiveCfg = Debug|Any CPU
		{097FD561-2B70-4042-8D1E-EA5A33EF9A02}.Debug|Any CPU.Build.0 = Debug|Any CPU
		{097FD561-2B70-4042-8D1E-EA5A33EF9A02}.Release|Any CPU.ActiveCfg = Release|Any CPU
		{097FD561-2B70-4042-8D1E-EA5A33EF9A02}.Release|Any CPU.Build.0 = Release|Any CPU
		{D978CC3A-2107-4129-A4C3-E3D7FA196906}.Debug|Any CPU.ActiveCfg = Debug|Any CPU
		{D978CC3A-2107-4129-A4C3-E3D7FA196906}.Debug|Any CPU.Build.0 = Debug|Any CPU
		{D978CC3A-2107-4129-A4C3-E3D7FA196906}.Release|Any CPU.ActiveCfg = Release|Any CPU
		{D978CC3A-2107-4129-A4C3-E3D7FA196906}.Release|Any CPU.Build.0 = Release|Any CPU
	EndGlobalSection
	GlobalSection(SolutionProperties) = preSolution
		HideSolutionNode = FALSE
	EndGlobalSection
	GlobalSection(ExtensibilityGlobals) = postSolution
		SolutionGuid = {1C25F8A7-016B-4671-AD13-269E8E6C774E}
	EndGlobalSection
EndGlobal
