
Microsoft Visual Studio Solution File, Format Version 12.00
# Visual Studio Version 17
VisualStudioVersion = 17.11.35303.130
MinimumVisualStudioVersion = 10.0.40219.1
Project("{9A19103F-16F7-4668-BE54-9A1E7A4F7556}") = "EjercicioPrueba", "EjercicioPrueba\EjercicioPrueba.csproj", "{FE1E044C-3584-4F01-BD9A-5F24052BDF74}"
EndProject
Project("{FAE04EC0-301F-11D3-BF4B-00C04F79EFBC}") = "Ejercicio02", "Ejercicio02\Ejercicio02.csproj", "{4CDB6FE2-C2A9-4907-B478-8B7055E92D20}"
EndProject
Global
	GlobalSection(SolutionConfigurationPlatforms) = preSolution
		Debug|Any CPU = Debug|Any CPU
		Release|Any CPU = Release|Any CPU
	EndGlobalSection
	GlobalSection(ProjectConfigurationPlatforms) = postSolution
		{FE1E044C-3584-4F01-BD9A-5F24052BDF74}.Debug|Any CPU.ActiveCfg = Debug|Any CPU
		{FE1E044C-3584-4F01-BD9A-5F24052BDF74}.Debug|Any CPU.Build.0 = Debug|Any CPU
		{FE1E044C-3584-4F01-BD9A-5F24052BDF74}.Debug|Any CPU.Deploy.0 = Debug|Any CPU
		{FE1E044C-3584-4F01-BD9A-5F24052BDF74}.Release|Any CPU.ActiveCfg = Release|Any CPU
		{FE1E044C-3584-4F01-BD9A-5F24052BDF74}.Release|Any CPU.Build.0 = Release|Any CPU
		{FE1E044C-3584-4F01-BD9A-5F24052BDF74}.Release|Any CPU.Deploy.0 = Release|Any CPU
		{4CDB6FE2-C2A9-4907-B478-8B7055E92D20}.Debug|Any CPU.ActiveCfg = Debug|Any CPU
		{4CDB6FE2-C2A9-4907-B478-8B7055E92D20}.Debug|Any CPU.Build.0 = Debug|Any CPU
		{4CDB6FE2-C2A9-4907-B478-8B7055E92D20}.Debug|Any CPU.Deploy.0 = Debug|Any CPU
		{4CDB6FE2-C2A9-4907-B478-8B7055E92D20}.Release|Any CPU.ActiveCfg = Release|Any CPU
		{4CDB6FE2-C2A9-4907-B478-8B7055E92D20}.Release|Any CPU.Build.0 = Release|Any CPU
		{4CDB6FE2-C2A9-4907-B478-8B7055E92D20}.Release|Any CPU.Deploy.0 = Release|Any CPU
	EndGlobalSection
	GlobalSection(SolutionProperties) = preSolution
		HideSolutionNode = FALSE
	EndGlobalSection
	GlobalSection(ExtensibilityGlobals) = postSolution
		SolutionGuid = {97983ED4-A52C-4C24-9013-D15E512CEF13}
	EndGlobalSection
EndGlobal
