
Microsoft Visual Studio Solution File, Format Version 12.00
# Visual Studio Version 17
VisualStudioVersion = 17.11.35303.130
MinimumVisualStudioVersion = 10.0.40219.1
Project("{9A19103F-16F7-4668-BE54-9A1E7A4F7556}") = "PruebaMAUI", "PruebaMAUI\PruebaMAUI.csproj", "{5502B145-3D4F-4061-BF0C-DCEA8390525C}"
EndProject
Project("{FAE04EC0-301F-11D3-BF4B-00C04F79EFBC}") = "BibliotecaDeClases", "BibliotecaDeClases\BibliotecaDeClases.csproj", "{9DD9F62E-5B3F-4A2D-95DB-7751D7A241D2}"
EndProject
Global
	GlobalSection(SolutionConfigurationPlatforms) = preSolution
		Debug|Any CPU = Debug|Any CPU
		Release|Any CPU = Release|Any CPU
	EndGlobalSection
	GlobalSection(ProjectConfigurationPlatforms) = postSolution
		{5502B145-3D4F-4061-BF0C-DCEA8390525C}.Debug|Any CPU.ActiveCfg = Debug|Any CPU
		{5502B145-3D4F-4061-BF0C-DCEA8390525C}.Debug|Any CPU.Build.0 = Debug|Any CPU
		{5502B145-3D4F-4061-BF0C-DCEA8390525C}.Debug|Any CPU.Deploy.0 = Debug|Any CPU
		{5502B145-3D4F-4061-BF0C-DCEA8390525C}.Release|Any CPU.ActiveCfg = Release|Any CPU
		{5502B145-3D4F-4061-BF0C-DCEA8390525C}.Release|Any CPU.Build.0 = Release|Any CPU
		{5502B145-3D4F-4061-BF0C-DCEA8390525C}.Release|Any CPU.Deploy.0 = Release|Any CPU
		{9DD9F62E-5B3F-4A2D-95DB-7751D7A241D2}.Debug|Any CPU.ActiveCfg = Debug|Any CPU
		{9DD9F62E-5B3F-4A2D-95DB-7751D7A241D2}.Debug|Any CPU.Build.0 = Debug|Any CPU
		{9DD9F62E-5B3F-4A2D-95DB-7751D7A241D2}.Release|Any CPU.ActiveCfg = Release|Any CPU
		{9DD9F62E-5B3F-4A2D-95DB-7751D7A241D2}.Release|Any CPU.Build.0 = Release|Any CPU
	EndGlobalSection
	GlobalSection(SolutionProperties) = preSolution
		HideSolutionNode = FALSE
	EndGlobalSection
	GlobalSection(ExtensibilityGlobals) = postSolution
		SolutionGuid = {8C30621E-E79F-4CC3-8D14-E4A4963D53E3}
	EndGlobalSection
EndGlobal
