
Microsoft Visual Studio Solution File, Format Version 12.00
# Visual Studio Version 17
VisualStudioVersion = 17.11.35303.130
MinimumVisualStudioVersion = 10.0.40219.1
Project("{FAE04EC0-301F-11D3-BF4B-00C04F79EFBC}") = "Ejercicio01", "Ejercicio01\Ejercicio01.csproj", "{DF664D32-9A64-4195-AC2F-652E60579DC1}"
EndProject
Global
	GlobalSection(SolutionConfigurationPlatforms) = preSolution
		Debug|Any CPU = Debug|Any CPU
		Release|Any CPU = Release|Any CPU
	EndGlobalSection
	GlobalSection(ProjectConfigurationPlatforms) = postSolution
		{DF664D32-9A64-4195-AC2F-652E60579DC1}.Debug|Any CPU.ActiveCfg = Debug|Any CPU
		{DF664D32-9A64-4195-AC2F-652E60579DC1}.Debug|Any CPU.Build.0 = Debug|Any CPU
		{DF664D32-9A64-4195-AC2F-652E60579DC1}.Debug|Any CPU.Deploy.0 = Debug|Any CPU
		{DF664D32-9A64-4195-AC2F-652E60579DC1}.Release|Any CPU.ActiveCfg = Release|Any CPU
		{DF664D32-9A64-4195-AC2F-652E60579DC1}.Release|Any CPU.Build.0 = Release|Any CPU
		{DF664D32-9A64-4195-AC2F-652E60579DC1}.Release|Any CPU.Deploy.0 = Release|Any CPU
	EndGlobalSection
	GlobalSection(SolutionProperties) = preSolution
		HideSolutionNode = FALSE
	EndGlobalSection
	GlobalSection(ExtensibilityGlobals) = postSolution
		SolutionGuid = {E25FDDA2-B75A-40CF-AC4A-65F006443E9C}
	EndGlobalSection
EndGlobal
