
Microsoft Visual Studio Solution File, Format Version 12.00
# Visual Studio Version 17
VisualStudioVersion = 17.11.35327.3
MinimumVisualStudioVersion = 10.0.40219.1
Project("{FAE04EC0-301F-11D3-BF4B-00C04F79EFBC}") = "PersonasApi", "PersonasApi\PersonasApi.csproj", "{997DEAB8-D480-4210-AAFB-95ADBD3EBC37}"
EndProject
Project("{FAE04EC0-301F-11D3-BF4B-00C04F79EFBC}") = "ENT", "ENT\ENT.csproj", "{E10B25CD-8A23-44DF-A4F0-D5388C1EB1A4}"
EndProject
Project("{FAE04EC0-301F-11D3-BF4B-00C04F79EFBC}") = "DAL", "DAL\DAL.csproj", "{098F26AD-3FD6-4776-BBA1-F51696F0BA62}"
EndProject
Global
	GlobalSection(SolutionConfigurationPlatforms) = preSolution
		Debug|Any CPU = Debug|Any CPU
		Release|Any CPU = Release|Any CPU
	EndGlobalSection
	GlobalSection(ProjectConfigurationPlatforms) = postSolution
		{997DEAB8-D480-4210-AAFB-95ADBD3EBC37}.Debug|Any CPU.ActiveCfg = Debug|Any CPU
		{997DEAB8-D480-4210-AAFB-95ADBD3EBC37}.Debug|Any CPU.Build.0 = Debug|Any CPU
		{997DEAB8-D480-4210-AAFB-95ADBD3EBC37}.Debug|Any CPU.Deploy.0 = Debug|Any CPU
		{997DEAB8-D480-4210-AAFB-95ADBD3EBC37}.Release|Any CPU.ActiveCfg = Release|Any CPU
		{997DEAB8-D480-4210-AAFB-95ADBD3EBC37}.Release|Any CPU.Build.0 = Release|Any CPU
		{997DEAB8-D480-4210-AAFB-95ADBD3EBC37}.Release|Any CPU.Deploy.0 = Release|Any CPU
		{E10B25CD-8A23-44DF-A4F0-D5388C1EB1A4}.Debug|Any CPU.ActiveCfg = Debug|Any CPU
		{E10B25CD-8A23-44DF-A4F0-D5388C1EB1A4}.Debug|Any CPU.Build.0 = Debug|Any CPU
		{E10B25CD-8A23-44DF-A4F0-D5388C1EB1A4}.Release|Any CPU.ActiveCfg = Release|Any CPU
		{E10B25CD-8A23-44DF-A4F0-D5388C1EB1A4}.Release|Any CPU.Build.0 = Release|Any CPU
		{098F26AD-3FD6-4776-BBA1-F51696F0BA62}.Debug|Any CPU.ActiveCfg = Debug|Any CPU
		{098F26AD-3FD6-4776-BBA1-F51696F0BA62}.Debug|Any CPU.Build.0 = Debug|Any CPU
		{098F26AD-3FD6-4776-BBA1-F51696F0BA62}.Release|Any CPU.ActiveCfg = Release|Any CPU
		{098F26AD-3FD6-4776-BBA1-F51696F0BA62}.Release|Any CPU.Build.0 = Release|Any CPU
	EndGlobalSection
	GlobalSection(SolutionProperties) = preSolution
		HideSolutionNode = FALSE
	EndGlobalSection
	GlobalSection(ExtensibilityGlobals) = postSolution
		SolutionGuid = {14409B10-60C7-4240-BB21-D7D115359CC8}
	EndGlobalSection
EndGlobal
