
Microsoft Visual Studio Solution File, Format Version 12.00
# Visual Studio Version 17
VisualStudioVersion = 17.11.35303.130
MinimumVisualStudioVersion = 10.0.40219.1
Project("{9A19103F-16F7-4668-BE54-9A1E7A4F7556}") = "Prueba", "Prueba\Prueba.csproj", "{883109B1-706F-4761-95F6-AF96CC16F2DF}"
EndProject
Project("{9A19103F-16F7-4668-BE54-9A1E7A4F7556}") = "Ejercicio01", "Ejercicio01\Ejercicio01.csproj", "{6273F3DF-1118-4E3F-B42D-8EBBE1FD531F}"
EndProject
Project("{9A19103F-16F7-4668-BE54-9A1E7A4F7556}") = "Ejercicio02", "Ejercicio02\Ejercicio02.csproj", "{36B6DE08-0810-453E-A035-A684C4422B5E}"
EndProject
Project("{9A19103F-16F7-4668-BE54-9A1E7A4F7556}") = "Ejercicio03", "Ejercicio03\Ejercicio03.csproj", "{25F839AD-E75D-48AD-A24A-961A8211DF60}"
EndProject
Project("{9A19103F-16F7-4668-BE54-9A1E7A4F7556}") = "Ejercicio04", "Ejercicio04\Ejercicio04.csproj", "{B8B7AB42-9925-408C-9A15-EF754BCD6A56}"
EndProject
Project("{9A19103F-16F7-4668-BE54-9A1E7A4F7556}") = "Ejercicio05ENT", "Ejercicio05ENT\Ejercicio05ENT.csproj", "{115DFBA3-D538-4562-ADA7-DC7BCE81764E}"
EndProject
Project("{9A19103F-16F7-4668-BE54-9A1E7A4F7556}") = "Ejercicio05DAL", "Ejercicio05DAL\Ejercicio05DAL.csproj", "{66C1B702-0A4D-47FF-A68D-B785A41E9705}"
EndProject
Project("{9A19103F-16F7-4668-BE54-9A1E7A4F7556}") = "Ejercicio05UI", "Ejercicio05UI\Ejercicio05UI.csproj", "{F7443DBC-C008-484C-BBAA-BCDEB0CF6F28}"
EndProject
Project("{9A19103F-16F7-4668-BE54-9A1E7A4F7556}") = "Ejercicio06UI", "Ejercicio06UI\Ejercicio06UI.csproj", "{1B828D33-2466-4650-BDCF-AAF463042F24}"
EndProject
Project("{FAE04EC0-301F-11D3-BF4B-00C04F79EFBC}") = "Ejercicio06ENT", "Ejercicio06ENT\Ejercicio06ENT.csproj", "{A1F0E5E3-D96F-4F2F-B079-50C3BF504714}"
EndProject
Global
	GlobalSection(SolutionConfigurationPlatforms) = preSolution
		Debug|Any CPU = Debug|Any CPU
		Release|Any CPU = Release|Any CPU
	EndGlobalSection
	GlobalSection(ProjectConfigurationPlatforms) = postSolution
		{883109B1-706F-4761-95F6-AF96CC16F2DF}.Debug|Any CPU.ActiveCfg = Debug|Any CPU
		{883109B1-706F-4761-95F6-AF96CC16F2DF}.Debug|Any CPU.Build.0 = Debug|Any CPU
		{883109B1-706F-4761-95F6-AF96CC16F2DF}.Debug|Any CPU.Deploy.0 = Debug|Any CPU
		{883109B1-706F-4761-95F6-AF96CC16F2DF}.Release|Any CPU.ActiveCfg = Release|Any CPU
		{883109B1-706F-4761-95F6-AF96CC16F2DF}.Release|Any CPU.Build.0 = Release|Any CPU
		{883109B1-706F-4761-95F6-AF96CC16F2DF}.Release|Any CPU.Deploy.0 = Release|Any CPU
		{6273F3DF-1118-4E3F-B42D-8EBBE1FD531F}.Debug|Any CPU.ActiveCfg = Debug|Any CPU
		{6273F3DF-1118-4E3F-B42D-8EBBE1FD531F}.Debug|Any CPU.Build.0 = Debug|Any CPU
		{6273F3DF-1118-4E3F-B42D-8EBBE1FD531F}.Debug|Any CPU.Deploy.0 = Debug|Any CPU
		{6273F3DF-1118-4E3F-B42D-8EBBE1FD531F}.Release|Any CPU.ActiveCfg = Release|Any CPU
		{6273F3DF-1118-4E3F-B42D-8EBBE1FD531F}.Release|Any CPU.Build.0 = Release|Any CPU
		{6273F3DF-1118-4E3F-B42D-8EBBE1FD531F}.Release|Any CPU.Deploy.0 = Release|Any CPU
		{36B6DE08-0810-453E-A035-A684C4422B5E}.Debug|Any CPU.ActiveCfg = Debug|Any CPU
		{36B6DE08-0810-453E-A035-A684C4422B5E}.Debug|Any CPU.Build.0 = Debug|Any CPU
		{36B6DE08-0810-453E-A035-A684C4422B5E}.Debug|Any CPU.Deploy.0 = Debug|Any CPU
		{36B6DE08-0810-453E-A035-A684C4422B5E}.Release|Any CPU.ActiveCfg = Release|Any CPU
		{36B6DE08-0810-453E-A035-A684C4422B5E}.Release|Any CPU.Build.0 = Release|Any CPU
		{36B6DE08-0810-453E-A035-A684C4422B5E}.Release|Any CPU.Deploy.0 = Release|Any CPU
		{25F839AD-E75D-48AD-A24A-961A8211DF60}.Debug|Any CPU.ActiveCfg = Debug|Any CPU
		{25F839AD-E75D-48AD-A24A-961A8211DF60}.Debug|Any CPU.Build.0 = Debug|Any CPU
		{25F839AD-E75D-48AD-A24A-961A8211DF60}.Debug|Any CPU.Deploy.0 = Debug|Any CPU
		{25F839AD-E75D-48AD-A24A-961A8211DF60}.Release|Any CPU.ActiveCfg = Release|Any CPU
		{25F839AD-E75D-48AD-A24A-961A8211DF60}.Release|Any CPU.Build.0 = Release|Any CPU
		{25F839AD-E75D-48AD-A24A-961A8211DF60}.Release|Any CPU.Deploy.0 = Release|Any CPU
		{B8B7AB42-9925-408C-9A15-EF754BCD6A56}.Debug|Any CPU.ActiveCfg = Debug|Any CPU
		{B8B7AB42-9925-408C-9A15-EF754BCD6A56}.Debug|Any CPU.Build.0 = Debug|Any CPU
		{B8B7AB42-9925-408C-9A15-EF754BCD6A56}.Debug|Any CPU.Deploy.0 = Debug|Any CPU
		{B8B7AB42-9925-408C-9A15-EF754BCD6A56}.Release|Any CPU.ActiveCfg = Release|Any CPU
		{B8B7AB42-9925-408C-9A15-EF754BCD6A56}.Release|Any CPU.Build.0 = Release|Any CPU
		{B8B7AB42-9925-408C-9A15-EF754BCD6A56}.Release|Any CPU.Deploy.0 = Release|Any CPU
		{115DFBA3-D538-4562-ADA7-DC7BCE81764E}.Debug|Any CPU.ActiveCfg = Debug|Any CPU
		{115DFBA3-D538-4562-ADA7-DC7BCE81764E}.Debug|Any CPU.Build.0 = Debug|Any CPU
		{115DFBA3-D538-4562-ADA7-DC7BCE81764E}.Release|Any CPU.ActiveCfg = Release|Any CPU
		{115DFBA3-D538-4562-ADA7-DC7BCE81764E}.Release|Any CPU.Build.0 = Release|Any CPU
		{66C1B702-0A4D-47FF-A68D-B785A41E9705}.Debug|Any CPU.ActiveCfg = Debug|Any CPU
		{66C1B702-0A4D-47FF-A68D-B785A41E9705}.Debug|Any CPU.Build.0 = Debug|Any CPU
		{66C1B702-0A4D-47FF-A68D-B785A41E9705}.Release|Any CPU.ActiveCfg = Release|Any CPU
		{66C1B702-0A4D-47FF-A68D-B785A41E9705}.Release|Any CPU.Build.0 = Release|Any CPU
		{F7443DBC-C008-484C-BBAA-BCDEB0CF6F28}.Debug|Any CPU.ActiveCfg = Debug|Any CPU
		{F7443DBC-C008-484C-BBAA-BCDEB0CF6F28}.Debug|Any CPU.Build.0 = Debug|Any CPU
		{F7443DBC-C008-484C-BBAA-BCDEB0CF6F28}.Debug|Any CPU.Deploy.0 = Debug|Any CPU
		{F7443DBC-C008-484C-BBAA-BCDEB0CF6F28}.Release|Any CPU.ActiveCfg = Release|Any CPU
		{F7443DBC-C008-484C-BBAA-BCDEB0CF6F28}.Release|Any CPU.Build.0 = Release|Any CPU
		{F7443DBC-C008-484C-BBAA-BCDEB0CF6F28}.Release|Any CPU.Deploy.0 = Release|Any CPU
		{1B828D33-2466-4650-BDCF-AAF463042F24}.Debug|Any CPU.ActiveCfg = Debug|Any CPU
		{1B828D33-2466-4650-BDCF-AAF463042F24}.Debug|Any CPU.Build.0 = Debug|Any CPU
		{1B828D33-2466-4650-BDCF-AAF463042F24}.Debug|Any CPU.Deploy.0 = Debug|Any CPU
		{1B828D33-2466-4650-BDCF-AAF463042F24}.Release|Any CPU.ActiveCfg = Release|Any CPU
		{1B828D33-2466-4650-BDCF-AAF463042F24}.Release|Any CPU.Build.0 = Release|Any CPU
		{1B828D33-2466-4650-BDCF-AAF463042F24}.Release|Any CPU.Deploy.0 = Release|Any CPU
		{A1F0E5E3-D96F-4F2F-B079-50C3BF504714}.Debug|Any CPU.ActiveCfg = Debug|Any CPU
		{A1F0E5E3-D96F-4F2F-B079-50C3BF504714}.Debug|Any CPU.Build.0 = Debug|Any CPU
		{A1F0E5E3-D96F-4F2F-B079-50C3BF504714}.Release|Any CPU.ActiveCfg = Release|Any CPU
		{A1F0E5E3-D96F-4F2F-B079-50C3BF504714}.Release|Any CPU.Build.0 = Release|Any CPU
	EndGlobalSection
	GlobalSection(SolutionProperties) = preSolution
		HideSolutionNode = FALSE
	EndGlobalSection
	GlobalSection(ExtensibilityGlobals) = postSolution
		SolutionGuid = {1465A10E-F387-425C-9EF5-4CE38FC0B36B}
	EndGlobalSection
EndGlobal
